
Microsoft Visual Studio Solution File, Format Version 12.00
# Visual Studio Version 17
VisualStudioVersion = 17.9.34622.214
MinimumVisualStudioVersion = 10.0.40219.1
Project("{8BC9CEB8-8B4A-11D0-8D11-00A0C91BC942}") = "Binary Tree", "Binary Tree\Binary Tree.vcxproj", "{66FE4446-BCA4-4953-AC81-7FF6F67B5FAB}"
EndProject
Global
	GlobalSection(SolutionConfigurationPlatforms) = preSolution
		Debug|x64 = Debug|x64
		Debug|x86 = Debug|x86
		Release|x64 = Release|x64
		Release|x86 = Release|x86
	EndGlobalSection
	GlobalSection(ProjectConfigurationPlatforms) = postSolution
		{66FE4446-BCA4-4953-AC81-7FF6F67B5FAB}.Debug|x64.ActiveCfg = Debug|x64
		{66FE4446-BCA4-4953-AC81-7FF6F67B5FAB}.Debug|x64.Build.0 = Debug|x64
		{66FE4446-BCA4-4953-AC81-7FF6F67B5FAB}.Debug|x86.ActiveCfg = Debug|Win32
		{66FE4446-BCA4-4953-AC81-7FF6F67B5FAB}.Debug|x86.Build.0 = Debug|Win32
		{66FE4446-BCA4-4953-AC81-7FF6F67B5FAB}.Release|x64.ActiveCfg = Release|x64
		{66FE4446-BCA4-4953-AC81-7FF6F67B5FAB}.Release|x64.Build.0 = Release|x64
		{66FE4446-BCA4-4953-AC81-7FF6F67B5FAB}.Release|x86.ActiveCfg = Release|Win32
		{66FE4446-BCA4-4953-AC81-7FF6F67B5FAB}.Release|x86.Build.0 = Release|Win32
	EndGlobalSection
	GlobalSection(SolutionProperties) = preSolution
		HideSolutionNode = FALSE
	EndGlobalSection
	GlobalSection(ExtensibilityGlobals) = postSolution
		SolutionGuid = {6DD29F7F-3FCA-4346-B458-5638B7DDC49D}
	EndGlobalSection
EndGlobal
