
Microsoft Visual Studio Solution File, Format Version 12.00
# Visual Studio Version 17
VisualStudioVersion = 17.14.36202.13 d17.14
MinimumVisualStudioVersion = 10.0.40219.1
Project("{8BC9CEB8-8B4A-11D0-8D11-00A0C91BC942}") = "RedBlackTree", "RedBlackTree\RedBlackTree.vcxproj", "{BB2CED9D-0186-45E4-8F71-29169C09B757}"
EndProject
Global
	GlobalSection(SolutionConfigurationPlatforms) = preSolution
		Debug|x64 = Debug|x64
		Debug|x86 = Debug|x86
		Release|x64 = Release|x64
		Release|x86 = Release|x86
	EndGlobalSection
	GlobalSection(ProjectConfigurationPlatforms) = postSolution
		{BB2CED9D-0186-45E4-8F71-29169C09B757}.Debug|x64.ActiveCfg = Debug|x64
		{BB2CED9D-0186-45E4-8F71-29169C09B757}.Debug|x64.Build.0 = Debug|x64
		{BB2CED9D-0186-45E4-8F71-29169C09B757}.Debug|x86.ActiveCfg = Debug|Win32
		{BB2CED9D-0186-45E4-8F71-29169C09B757}.Debug|x86.Build.0 = Debug|Win32
		{BB2CED9D-0186-45E4-8F71-29169C09B757}.Release|x64.ActiveCfg = Release|x64
		{BB2CED9D-0186-45E4-8F71-29169C09B757}.Release|x64.Build.0 = Release|x64
		{BB2CED9D-0186-45E4-8F71-29169C09B757}.Release|x86.ActiveCfg = Release|Win32
		{BB2CED9D-0186-45E4-8F71-29169C09B757}.Release|x86.Build.0 = Release|Win32
	EndGlobalSection
	GlobalSection(SolutionProperties) = preSolution
		HideSolutionNode = FALSE
	EndGlobalSection
	GlobalSection(ExtensibilityGlobals) = postSolution
		SolutionGuid = {9681C3CF-CB68-465A-AE0C-D4B7E48AF65D}
	EndGlobalSection
EndGlobal
