
Microsoft Visual Studio Solution File, Format Version 12.00
# Visual Studio Version 17
VisualStudioVersion = 17.9.34622.214
MinimumVisualStudioVersion = 10.0.40219.1
Project("{8BC9CEB8-8B4A-11D0-8D11-00A0C91BC942}") = "testing converion", "testing converion\testing converion.vcxproj", "{5A1ADF1F-1D6B-46CB-8661-037DB8A4436A}"
EndProject
Global
	GlobalSection(SolutionConfigurationPlatforms) = preSolution
		Debug|x64 = Debug|x64
		Debug|x86 = Debug|x86
		Release|x64 = Release|x64
		Release|x86 = Release|x86
	EndGlobalSection
	GlobalSection(ProjectConfigurationPlatforms) = postSolution
		{5A1ADF1F-1D6B-46CB-8661-037DB8A4436A}.Debug|x64.ActiveCfg = Debug|x64
		{5A1ADF1F-1D6B-46CB-8661-037DB8A4436A}.Debug|x64.Build.0 = Debug|x64
		{5A1ADF1F-1D6B-46CB-8661-037DB8A4436A}.Debug|x86.ActiveCfg = Debug|Win32
		{5A1ADF1F-1D6B-46CB-8661-037DB8A4436A}.Debug|x86.Build.0 = Debug|Win32
		{5A1ADF1F-1D6B-46CB-8661-037DB8A4436A}.Release|x64.ActiveCfg = Release|x64
		{5A1ADF1F-1D6B-46CB-8661-037DB8A4436A}.Release|x64.Build.0 = Release|x64
		{5A1ADF1F-1D6B-46CB-8661-037DB8A4436A}.Release|x86.ActiveCfg = Release|Win32
		{5A1ADF1F-1D6B-46CB-8661-037DB8A4436A}.Release|x86.Build.0 = Release|Win32
	EndGlobalSection
	GlobalSection(SolutionProperties) = preSolution
		HideSolutionNode = FALSE
	EndGlobalSection
	GlobalSection(ExtensibilityGlobals) = postSolution
		SolutionGuid = {213E302A-E31E-4BBF-ABA4-C4E723BD1C6E}
	EndGlobalSection
EndGlobal
