
Microsoft Visual Studio Solution File, Format Version 12.00
# Visual Studio Version 17
VisualStudioVersion = 17.9.34622.214
MinimumVisualStudioVersion = 10.0.40219.1
Project("{FAE04EC0-301F-11D3-BF4B-00C04F79EFBC}") = "sheet1", "sheet1\sheet1.csproj", "{2581F34F-FDF2-435E-9698-034A5E4DAA4C}"
EndProject
Global
	GlobalSection(SolutionConfigurationPlatforms) = preSolution
		Debug|Any CPU = Debug|Any CPU
		Release|Any CPU = Release|Any CPU
	EndGlobalSection
	GlobalSection(ProjectConfigurationPlatforms) = postSolution
		{2581F34F-FDF2-435E-9698-034A5E4DAA4C}.Debug|Any CPU.ActiveCfg = Debug|Any CPU
		{2581F34F-FDF2-435E-9698-034A5E4DAA4C}.Debug|Any CPU.Build.0 = Debug|Any CPU
		{2581F34F-FDF2-435E-9698-034A5E4DAA4C}.Release|Any CPU.ActiveCfg = Release|Any CPU
		{2581F34F-FDF2-435E-9698-034A5E4DAA4C}.Release|Any CPU.Build.0 = Release|Any CPU
	EndGlobalSection
	GlobalSection(SolutionProperties) = preSolution
		HideSolutionNode = FALSE
	EndGlobalSection
	GlobalSection(ExtensibilityGlobals) = postSolution
		SolutionGuid = {94182B01-B983-4FA2-8FE1-6890A624336C}
	EndGlobalSection
EndGlobal
